
Microsoft Visual Studio Solution File, Format Version 12.00
# Visual Studio 15
VisualStudioVersion = 15.0.27130.2027
MinimumVisualStudioVersion = 10.0.40219.1
Project("{9A19103F-16F7-4668-BE54-9A1E7A4F7556}") = "PEAMEL.SimpleFiniteStateMachine", "PEAMEL.SimpleFiniteStateMachine.csproj", "{26401728-7DD7-4101-8006-25A86EF77B89}"
EndProject
Global
	GlobalSection(SolutionConfigurationPlatforms) = preSolution
		Debug|Any CPU = Debug|Any CPU
		Release|Any CPU = Release|Any CPU
	EndGlobalSection
	GlobalSection(ProjectConfigurationPlatforms) = postSolution
		{26401728-7DD7-4101-8006-25A86EF77B89}.Debug|Any CPU.ActiveCfg = Debug|Any CPU
		{26401728-7DD7-4101-8006-25A86EF77B89}.Debug|Any CPU.Build.0 = Debug|Any CPU
		{26401728-7DD7-4101-8006-25A86EF77B89}.Release|Any CPU.ActiveCfg = Release|Any CPU
		{26401728-7DD7-4101-8006-25A86EF77B89}.Release|Any CPU.Build.0 = Release|Any CPU
	EndGlobalSection
	GlobalSection(SolutionProperties) = preSolution
		HideSolutionNode = FALSE
	EndGlobalSection
	GlobalSection(ExtensibilityGlobals) = postSolution
		SolutionGuid = {70A73813-B325-4B45-8A6D-B396BECA758B}
	EndGlobalSection
EndGlobal
